
Microsoft Visual Studio Solution File, Format Version 12.00
# Visual Studio Version 16
VisualStudioVersion = 16.0.31729.503
MinimumVisualStudioVersion = 10.0.40219.1
Project("{FAE04EC0-301F-11D3-BF4B-00C04F79EFBC}") = "RndPassGenForms", "RndPassGenForms.csproj", "{63571BB8-9DF4-43A2-A0EA-535ECE3FFF3A}"
EndProject
Global
	GlobalSection(SolutionConfigurationPlatforms) = preSolution
		Debug|Any CPU = Debug|Any CPU
		Release|Any CPU = Release|Any CPU
	EndGlobalSection
	GlobalSection(ProjectConfigurationPlatforms) = postSolution
		{63571BB8-9DF4-43A2-A0EA-535ECE3FFF3A}.Debug|Any CPU.ActiveCfg = Debug|Any CPU
		{63571BB8-9DF4-43A2-A0EA-535ECE3FFF3A}.Debug|Any CPU.Build.0 = Debug|Any CPU
		{63571BB8-9DF4-43A2-A0EA-535ECE3FFF3A}.Release|Any CPU.ActiveCfg = Release|Any CPU
		{63571BB8-9DF4-43A2-A0EA-535ECE3FFF3A}.Release|Any CPU.Build.0 = Release|Any CPU
	EndGlobalSection
	GlobalSection(SolutionProperties) = preSolution
		HideSolutionNode = FALSE
	EndGlobalSection
	GlobalSection(ExtensibilityGlobals) = postSolution
		SolutionGuid = {5F91F7EF-598C-4F20-856C-F3D6015110D3}
	EndGlobalSection
EndGlobal
